
Microsoft Visual Studio Solution File, Format Version 12.00
# Visual Studio Version 17
VisualStudioVersion = 17.4.33403.182
MinimumVisualStudioVersion = 10.0.40219.1
Project("{FAE04EC0-301F-11D3-BF4B-00C04F79EFBC}") = "backend", "backend\backend.csproj", "{07E04D23-9E2B-4007-8574-7313BA9CF16A}"
EndProject
Global
	GlobalSection(SolutionConfigurationPlatforms) = preSolution
		Debug|Any CPU = Debug|Any CPU
		Release|Any CPU = Release|Any CPU
	EndGlobalSection
	GlobalSection(ProjectConfigurationPlatforms) = postSolution
		{07E04D23-9E2B-4007-8574-7313BA9CF16A}.Debug|Any CPU.ActiveCfg = Debug|Any CPU
		{07E04D23-9E2B-4007-8574-7313BA9CF16A}.Debug|Any CPU.Build.0 = Debug|Any CPU
		{07E04D23-9E2B-4007-8574-7313BA9CF16A}.Release|Any CPU.ActiveCfg = Release|Any CPU
		{07E04D23-9E2B-4007-8574-7313BA9CF16A}.Release|Any CPU.Build.0 = Release|Any CPU
	EndGlobalSection
	GlobalSection(SolutionProperties) = preSolution
		HideSolutionNode = FALSE
	EndGlobalSection
	GlobalSection(ExtensibilityGlobals) = postSolution
		SolutionGuid = {896BD633-CD20-465F-85E3-684F72F121B9}
	EndGlobalSection
EndGlobal
